
Microsoft Visual Studio Solution File, Format Version 12.00
# Visual Studio 15
VisualStudioVersion = 15.0.28307.1525
MinimumVisualStudioVersion = 10.0.40219.1
Project("{8BC9CEB8-8B4A-11D0-8D11-00A0C91BC942}") = "objectProject", "objectProject\objectProject.vcxproj", "{C6E58390-EF0F-49FF-AD71-4D9AA5419D5B}"
EndProject
Global
	GlobalSection(SolutionConfigurationPlatforms) = preSolution
		Debug|x64 = Debug|x64
		Debug|x86 = Debug|x86
		Release|x64 = Release|x64
		Release|x86 = Release|x86
	EndGlobalSection
	GlobalSection(ProjectConfigurationPlatforms) = postSolution
		{C6E58390-EF0F-49FF-AD71-4D9AA5419D5B}.Debug|x64.ActiveCfg = Debug|x64
		{C6E58390-EF0F-49FF-AD71-4D9AA5419D5B}.Debug|x64.Build.0 = Debug|x64
		{C6E58390-EF0F-49FF-AD71-4D9AA5419D5B}.Debug|x86.ActiveCfg = Debug|Win32
		{C6E58390-EF0F-49FF-AD71-4D9AA5419D5B}.Debug|x86.Build.0 = Debug|Win32
		{C6E58390-EF0F-49FF-AD71-4D9AA5419D5B}.Release|x64.ActiveCfg = Release|x64
		{C6E58390-EF0F-49FF-AD71-4D9AA5419D5B}.Release|x64.Build.0 = Release|x64
		{C6E58390-EF0F-49FF-AD71-4D9AA5419D5B}.Release|x86.ActiveCfg = Release|Win32
		{C6E58390-EF0F-49FF-AD71-4D9AA5419D5B}.Release|x86.Build.0 = Release|Win32
	EndGlobalSection
	GlobalSection(SolutionProperties) = preSolution
		HideSolutionNode = FALSE
	EndGlobalSection
	GlobalSection(ExtensibilityGlobals) = postSolution
		SolutionGuid = {1CF7D877-99BD-4B07-B26E-12F859605644}
	EndGlobalSection
EndGlobal
